
Microsoft Visual Studio Solution File, Format Version 12.00
# Visual Studio Version 17
VisualStudioVersion = 17.2.32505.173
MinimumVisualStudioVersion = 10.0.40219.1
Project("{FAE04EC0-301F-11D3-BF4B-00C04F79EFBC}") = "LibraryWPF", "LibraryWPF\LibraryWPF.csproj", "{259FCFF7-B95F-4A30-BE66-8B098D7D75DF}"
EndProject
Project("{FAE04EC0-301F-11D3-BF4B-00C04F79EFBC}") = "LibraryWinforms", "LibraryWinforms\LibraryWinforms.csproj", "{C7D618DF-8FF6-49EC-8351-9400E7203AAE}"
EndProject
Global
	GlobalSection(SolutionConfigurationPlatforms) = preSolution
		Debug|Any CPU = Debug|Any CPU
		Release|Any CPU = Release|Any CPU
	EndGlobalSection
	GlobalSection(ProjectConfigurationPlatforms) = postSolution
		{259FCFF7-B95F-4A30-BE66-8B098D7D75DF}.Debug|Any CPU.ActiveCfg = Debug|Any CPU
		{259FCFF7-B95F-4A30-BE66-8B098D7D75DF}.Debug|Any CPU.Build.0 = Debug|Any CPU
		{259FCFF7-B95F-4A30-BE66-8B098D7D75DF}.Release|Any CPU.ActiveCfg = Release|Any CPU
		{259FCFF7-B95F-4A30-BE66-8B098D7D75DF}.Release|Any CPU.Build.0 = Release|Any CPU
		{C7D618DF-8FF6-49EC-8351-9400E7203AAE}.Debug|Any CPU.ActiveCfg = Debug|Any CPU
		{C7D618DF-8FF6-49EC-8351-9400E7203AAE}.Debug|Any CPU.Build.0 = Debug|Any CPU
		{C7D618DF-8FF6-49EC-8351-9400E7203AAE}.Release|Any CPU.ActiveCfg = Release|Any CPU
		{C7D618DF-8FF6-49EC-8351-9400E7203AAE}.Release|Any CPU.Build.0 = Release|Any CPU
	EndGlobalSection
	GlobalSection(SolutionProperties) = preSolution
		HideSolutionNode = FALSE
	EndGlobalSection
	GlobalSection(ExtensibilityGlobals) = postSolution
		SolutionGuid = {8D7BAD90-B02D-4E64-A560-B2E1E1104E36}
	EndGlobalSection
EndGlobal
